
Microsoft Visual Studio Solution File, Format Version 12.00
# Visual Studio Version 17
VisualStudioVersion = 17.10.35122.118
MinimumVisualStudioVersion = 10.0.40219.1
Project("{FAE04EC0-301F-11D3-BF4B-00C04F79EFBC}") = "SerpentHand", "SerpentHand\SerpentHand.csproj", "{9D46E1AF-39C0-461A-99FA-02DBAB987DD0}"
EndProject
Global
	GlobalSection(SolutionConfigurationPlatforms) = preSolution
		Debug|Any CPU = Debug|Any CPU
		Release|Any CPU = Release|Any CPU
	EndGlobalSection
	GlobalSection(ProjectConfigurationPlatforms) = postSolution
		{9D46E1AF-39C0-461A-99FA-02DBAB987DD0}.Debug|Any CPU.ActiveCfg = Debug|Any CPU
		{9D46E1AF-39C0-461A-99FA-02DBAB987DD0}.Debug|Any CPU.Build.0 = Debug|Any CPU
		{9D46E1AF-39C0-461A-99FA-02DBAB987DD0}.Release|Any CPU.ActiveCfg = Release|Any CPU
		{9D46E1AF-39C0-461A-99FA-02DBAB987DD0}.Release|Any CPU.Build.0 = Release|Any CPU
	EndGlobalSection
	GlobalSection(SolutionProperties) = preSolution
		HideSolutionNode = FALSE
	EndGlobalSection
	GlobalSection(ExtensibilityGlobals) = postSolution
		SolutionGuid = {30564A96-0553-47A7-A117-6BC9AC3A8C15}
	EndGlobalSection
EndGlobal
